
Microsoft Visual Studio Solution File, Format Version 12.00
# Visual Studio 14
VisualStudioVersion = 14.0.22512.0
MinimumVisualStudioVersion = 10.0.40219.1
Project("{9092AA53-FB77-4645-B42D-1CCCA6BD08BD}") = "NodejsWebApp1", "NodejsWebApp1\NodejsWebApp1.njsproj", "{13624462-4D18-4894-8EF1-6791B5A90C0B}"
EndProject
Global
	GlobalSection(SolutionConfigurationPlatforms) = preSolution
		Debug|Any CPU = Debug|Any CPU
		Release|Any CPU = Release|Any CPU
	EndGlobalSection
	GlobalSection(ProjectConfigurationPlatforms) = postSolution
		{13624462-4D18-4894-8EF1-6791B5A90C0B}.Debug|Any CPU.ActiveCfg = Debug|Any CPU
		{13624462-4D18-4894-8EF1-6791B5A90C0B}.Debug|Any CPU.Build.0 = Debug|Any CPU
		{13624462-4D18-4894-8EF1-6791B5A90C0B}.Release|Any CPU.ActiveCfg = Release|Any CPU
		{13624462-4D18-4894-8EF1-6791B5A90C0B}.Release|Any CPU.Build.0 = Release|Any CPU
	EndGlobalSection
	GlobalSection(SolutionProperties) = preSolution
		HideSolutionNode = FALSE
	EndGlobalSection
EndGlobal
